
Microsoft Visual Studio Solution File, Format Version 12.00
# Visual Studio Version 16
VisualStudioVersion = 16.0.32413.511
MinimumVisualStudioVersion = 10.0.40219.1
Project("{FAE04EC0-301F-11D3-BF4B-00C04F79EFBC}") = "Prueba", "Prueba\Prueba.csproj", "{B2394A55-B576-4056-8F87-00924171CA47}"
EndProject
Global
	GlobalSection(SolutionConfigurationPlatforms) = preSolution
		Debug|Any CPU = Debug|Any CPU
		Release|Any CPU = Release|Any CPU
	EndGlobalSection
	GlobalSection(ProjectConfigurationPlatforms) = postSolution
		{B2394A55-B576-4056-8F87-00924171CA47}.Debug|Any CPU.ActiveCfg = Debug|Any CPU
		{B2394A55-B576-4056-8F87-00924171CA47}.Debug|Any CPU.Build.0 = Debug|Any CPU
		{B2394A55-B576-4056-8F87-00924171CA47}.Release|Any CPU.ActiveCfg = Release|Any CPU
		{B2394A55-B576-4056-8F87-00924171CA47}.Release|Any CPU.Build.0 = Release|Any CPU
	EndGlobalSection
	GlobalSection(SolutionProperties) = preSolution
		HideSolutionNode = FALSE
	EndGlobalSection
	GlobalSection(ExtensibilityGlobals) = postSolution
		SolutionGuid = {237FF110-B5F9-4FA2-BEB7-099476DA5E8E}
	EndGlobalSection
EndGlobal
